// !$*UTF8*$!
{
	archiveVersion = 1;
	classes = {
	};
	objectVersion = 46;
	objects = {

/* Begin PBXBuildFile section */
		E719195B14E2F70C00193FDB /* EventListener.mm in Sources */ = {isa = PBXBuildFile; fileRef = E719195A14E2F70C00193FDB /* EventListener.mm */; };
		E750793514E2E70F00964C83 /* Cocoa.framework in Frameworks */ = {isa = PBXBuildFile; fileRef = E750793414E2E70F00964C83 /* Cocoa.framework */; };
		E750793F14E2E70F00964C83 /* InfoPlist.strings in Resources */ = {isa = PBXBuildFile; fileRef = E750793D14E2E70F00964C83 /* InfoPlist.strings */; };
		E750794214E2E70F00964C83 /* main.m in Sources */ = {isa = PBXBuildFile; fileRef = E750794114E2E70F00964C83 /* main.m */; };
		E750794514E2E70F00964C83 /* Credits.rtf in Resources */ = {isa = PBXBuildFile; fileRef = E750794314E2E70F00964C83 /* Credits.rtf */; };
		E750794814E2E70F00964C83 /* iStrokeAppDelegate.mm in Sources */ = {isa = PBXBuildFile; fileRef = E750794714E2E70F00964C83 /* iStrokeAppDelegate.mm */; };
		E750794B14E2E70F00964C83 /* MainMenu.xib in Resources */ = {isa = PBXBuildFile; fileRef = E750794914E2E70F00964C83 /* MainMenu.xib */; };
		E750796314E2EE3200964C85 /* ProcessHooker.m in Sources */ = {isa = PBXBuildFile; fileRef = E750796314E2EE3200964C84 /* ProcessHooker.m */; };
		E7727A1714E4541E00935AE7 /* ApplicationManager.m in Sources */ = {isa = PBXBuildFile; fileRef = E7727A1614E4541E00935AE7 /* ApplicationManager.m */; };
		E7727A1A14E4544A00935AE7 /* Application.m in Sources */ = {isa = PBXBuildFile; fileRef = E7727A1914E4544A00935AE7 /* Application.m */; };
		E7727A1D14E4546C00935AE7 /* Stroke.mm in Sources */ = {isa = PBXBuildFile; fileRef = E7727A1C14E4546C00935AE7 /* Stroke.mm */; };
		E772DBE414E4424100A06FA8 /* Cocoa.framework in Frameworks */ = {isa = PBXBuildFile; fileRef = E750793414E2E70F00964C83 /* Cocoa.framework */; };
		E772DBEA14E4424100A06FA8 /* InfoPlist.strings in Resources */ = {isa = PBXBuildFile; fileRef = E772DBE814E4424100A06FA8 /* InfoPlist.strings */; };
		E772DBED14E4424100A06FA8 /* main.m in Sources */ = {isa = PBXBuildFile; fileRef = E772DBEC14E4424100A06FA8 /* main.m */; };
		E772DBF014E4424100A06FA8 /* Credits.rtf in Resources */ = {isa = PBXBuildFile; fileRef = E772DBEE14E4424100A06FA8 /* Credits.rtf */; };
		E772DBF314E4424100A06FA8 /* testAppDelegate.m in Sources */ = {isa = PBXBuildFile; fileRef = E772DBF214E4424100A06FA8 /* testAppDelegate.m */; };
		E772DBF614E4424100A06FA8 /* MainMenu.xib in Resources */ = {isa = PBXBuildFile; fileRef = E772DBF414E4424100A06FA8 /* MainMenu.xib */; };
		E772DBF914E4424100A06FE6 /* Gesture.mm in Sources */ = {isa = PBXBuildFile; fileRef = E772DBF914E4424100A06FE5 /* Gesture.mm */; };
/* End PBXBuildFile section */

/* Begin PBXFileReference section */
		E719195914E2F70C00193FDB /* EventListener.h */ = {isa = PBXFileReference; fileEncoding = 4; lastKnownFileType = sourcecode.c.h; path = EventListener.h; sourceTree = "<group>"; };
		E719195A14E2F70C00193FDB /* EventListener.mm */ = {isa = PBXFileReference; fileEncoding = 4; lastKnownFileType = sourcecode.cpp.objcpp; path = EventListener.mm; sourceTree = "<group>"; };
		E750793014E2E70F00964C83 /* iStroke.app */ = {isa = PBXFileReference; explicitFileType = wrapper.application; includeInIndex = 0; path = iStroke.app; sourceTree = BUILT_PRODUCTS_DIR; };
		E750793414E2E70F00964C83 /* Cocoa.framework */ = {isa = PBXFileReference; lastKnownFileType = wrapper.framework; name = Cocoa.framework; path = System/Library/Frameworks/Cocoa.framework; sourceTree = SDKROOT; };
		E750793714E2E70F00964C83 /* AppKit.framework */ = {isa = PBXFileReference; lastKnownFileType = wrapper.framework; name = AppKit.framework; path = System/Library/Frameworks/AppKit.framework; sourceTree = SDKROOT; };
		E750793814E2E70F00964C83 /* CoreData.framework */ = {isa = PBXFileReference; lastKnownFileType = wrapper.framework; name = CoreData.framework; path = System/Library/Frameworks/CoreData.framework; sourceTree = SDKROOT; };
		E750793914E2E70F00964C83 /* Foundation.framework */ = {isa = PBXFileReference; lastKnownFileType = wrapper.framework; name = Foundation.framework; path = System/Library/Frameworks/Foundation.framework; sourceTree = SDKROOT; };
		E750793C14E2E70F00964C83 /* iStroke-Info.plist */ = {isa = PBXFileReference; lastKnownFileType = text.plist.xml; path = "iStroke-Info.plist"; sourceTree = "<group>"; };
		E750793E14E2E70F00964C83 /* en */ = {isa = PBXFileReference; lastKnownFileType = text.plist.strings; name = en; path = en.lproj/InfoPlist.strings; sourceTree = "<group>"; };
		E750794014E2E70F00964C83 /* iStroke-Prefix.pch */ = {isa = PBXFileReference; lastKnownFileType = sourcecode.c.h; path = "iStroke-Prefix.pch"; sourceTree = "<group>"; };
		E750794114E2E70F00964C83 /* main.m */ = {isa = PBXFileReference; lastKnownFileType = sourcecode.c.objc; path = main.m; sourceTree = "<group>"; };
		E750794414E2E70F00964C83 /* en */ = {isa = PBXFileReference; lastKnownFileType = text.rtf; name = en; path = en.lproj/Credits.rtf; sourceTree = "<group>"; };
		E750794614E2E70F00964C83 /* iStrokeAppDelegate.hh */ = {isa = PBXFileReference; lastKnownFileType = sourcecode.cpp.h; path = iStrokeAppDelegate.hh; sourceTree = "<group>"; };
		E750794714E2E70F00964C83 /* iStrokeAppDelegate.mm */ = {isa = PBXFileReference; lastKnownFileType = sourcecode.cpp.objcpp; path = iStrokeAppDelegate.mm; sourceTree = "<group>"; };
		E750794A14E2E70F00964C83 /* en */ = {isa = PBXFileReference; lastKnownFileType = file.xib; name = en; path = en.lproj/MainMenu.xib; sourceTree = "<group>"; };
		E750796314E2EE3200964C84 /* ProcessHooker.m */ = {isa = PBXFileReference; fileEncoding = 4; lastKnownFileType = sourcecode.c.objc; path = ProcessHooker.m; sourceTree = "<group>"; };
		E750796314E2EE3200964C86 /* ProcessHooker.h */ = {isa = PBXFileReference; fileEncoding = 4; lastKnownFileType = sourcecode.c.h; path = ProcessHooker.h; sourceTree = "<group>"; };
		E7727A0E14E4534E00935AE7 /* zh-Hans */ = {isa = PBXFileReference; lastKnownFileType = text.rtf; name = "zh-Hans"; path = "/Users/dabao/develop/iStroke/test/zh-Hans.lproj/Credits.rtf"; sourceTree = "<absolute>"; };
		E7727A0F14E4534E00935AE7 /* zh-Hans */ = {isa = PBXFileReference; lastKnownFileType = text.plist.strings; name = "zh-Hans"; path = "/Users/dabao/develop/iStroke/test/zh-Hans.lproj/InfoPlist.strings"; sourceTree = "<absolute>"; };
		E7727A1014E4534E00935AE7 /* zh-Hans */ = {isa = PBXFileReference; lastKnownFileType = file.xib; name = "zh-Hans"; path = "/Users/dabao/develop/iStroke/test/zh-Hans.lproj/MainMenu.xib"; sourceTree = "<absolute>"; };
		E7727A1214E4534E00935AE7 /* zh-Hans */ = {isa = PBXFileReference; lastKnownFileType = file.xib; name = "zh-Hans"; path = "/Users/dabao/develop/iStroke/iStroke/zh-Hans.lproj/MainMenu.xib"; sourceTree = "<absolute>"; };
		E7727A1314E4534E00935AE7 /* zh-Hans */ = {isa = PBXFileReference; lastKnownFileType = text.plist.strings; name = "zh-Hans"; path = "/Users/dabao/develop/iStroke/iStroke/zh-Hans.lproj/InfoPlist.strings"; sourceTree = "<absolute>"; };
		E7727A1414E4534E00935AE7 /* zh-Hans */ = {isa = PBXFileReference; lastKnownFileType = text.rtf; name = "zh-Hans"; path = "/Users/dabao/develop/iStroke/iStroke/zh-Hans.lproj/Credits.rtf"; sourceTree = "<absolute>"; };
		E7727A1514E4541E00935AE7 /* ApplicationManager.h */ = {isa = PBXFileReference; fileEncoding = 4; lastKnownFileType = sourcecode.c.h; path = ApplicationManager.h; sourceTree = "<group>"; };
		E7727A1614E4541E00935AE7 /* ApplicationManager.m */ = {isa = PBXFileReference; fileEncoding = 4; lastKnownFileType = sourcecode.c.objc; path = ApplicationManager.m; sourceTree = "<group>"; };
		E7727A1814E4544A00935AE7 /* Application.h */ = {isa = PBXFileReference; fileEncoding = 4; lastKnownFileType = sourcecode.c.h; path = Application.h; sourceTree = "<group>"; };
		E7727A1914E4544A00935AE7 /* Application.m */ = {isa = PBXFileReference; fileEncoding = 4; lastKnownFileType = sourcecode.c.objc; path = Application.m; sourceTree = "<group>"; };
		E7727A1B14E4546B00935AE7 /* Stroke.hh */ = {isa = PBXFileReference; fileEncoding = 4; lastKnownFileType = sourcecode.cpp.h; path = Stroke.hh; sourceTree = "<group>"; };
		E7727A1C14E4546C00935AE7 /* Stroke.mm */ = {isa = PBXFileReference; fileEncoding = 4; lastKnownFileType = sourcecode.cpp.objcpp; path = Stroke.mm; sourceTree = "<group>"; };
		E772DBE214E4424100A06FA8 /* test.app */ = {isa = PBXFileReference; explicitFileType = wrapper.application; includeInIndex = 0; path = test.app; sourceTree = BUILT_PRODUCTS_DIR; };
		E772DBE714E4424100A06FA8 /* test-Info.plist */ = {isa = PBXFileReference; lastKnownFileType = text.plist.xml; path = "test-Info.plist"; sourceTree = "<group>"; };
		E772DBE914E4424100A06FA8 /* en */ = {isa = PBXFileReference; lastKnownFileType = text.plist.strings; name = en; path = en.lproj/InfoPlist.strings; sourceTree = "<group>"; };
		E772DBEB14E4424100A06FA8 /* test-Prefix.pch */ = {isa = PBXFileReference; lastKnownFileType = sourcecode.c.h; path = "test-Prefix.pch"; sourceTree = "<group>"; };
		E772DBEC14E4424100A06FA8 /* main.m */ = {isa = PBXFileReference; lastKnownFileType = sourcecode.c.objc; path = main.m; sourceTree = "<group>"; };
		E772DBEF14E4424100A06FA8 /* en */ = {isa = PBXFileReference; lastKnownFileType = text.rtf; name = en; path = en.lproj/Credits.rtf; sourceTree = "<group>"; };
		E772DBF114E4424100A06FA8 /* testAppDelegate.h */ = {isa = PBXFileReference; lastKnownFileType = sourcecode.c.h; path = testAppDelegate.h; sourceTree = "<group>"; };
		E772DBF214E4424100A06FA8 /* testAppDelegate.m */ = {isa = PBXFileReference; lastKnownFileType = sourcecode.c.objc; path = testAppDelegate.m; sourceTree = "<group>"; };
		E772DBF514E4424100A06FA8 /* en */ = {isa = PBXFileReference; lastKnownFileType = file.xib; name = en; path = en.lproj/MainMenu.xib; sourceTree = "<group>"; };
		E772DBF914E4424100A06FAA /* actiondb.cc */ = {isa = PBXFileReference; fileEncoding = 4; lastKnownFileType = sourcecode.cpp.cpp; name = actiondb.cc; path = "ref/easystroke-0.5.5.1/actiondb.cc"; sourceTree = "<group>"; };
		E772DBF914E4424100A06FAB /* actiondb.h */ = {isa = PBXFileReference; fileEncoding = 4; lastKnownFileType = sourcecode.c.h; name = actiondb.h; path = "ref/easystroke-0.5.5.1/actiondb.h"; sourceTree = "<group>"; };
		E772DBF914E4424100A06FAC /* actions.cc */ = {isa = PBXFileReference; fileEncoding = 4; lastKnownFileType = sourcecode.cpp.cpp; name = actions.cc; path = "ref/easystroke-0.5.5.1/actions.cc"; sourceTree = "<group>"; };
		E772DBF914E4424100A06FAD /* actions.h */ = {isa = PBXFileReference; fileEncoding = 4; lastKnownFileType = sourcecode.c.h; name = actions.h; path = "ref/easystroke-0.5.5.1/actions.h"; sourceTree = "<group>"; };
		E772DBF914E4424100A06FAE /* annotate.cc */ = {isa = PBXFileReference; fileEncoding = 4; lastKnownFileType = sourcecode.cpp.cpp; name = annotate.cc; path = "ref/easystroke-0.5.5.1/annotate.cc"; sourceTree = "<group>"; };
		E772DBF914E4424100A06FAF /* annotate.h */ = {isa = PBXFileReference; fileEncoding = 4; lastKnownFileType = sourcecode.c.h; name = annotate.h; path = "ref/easystroke-0.5.5.1/annotate.h"; sourceTree = "<group>"; };
		E772DBF914E4424100A06FB0 /* changelog */ = {isa = PBXFileReference; fileEncoding = 4; lastKnownFileType = text; name = changelog; path = "ref/easystroke-0.5.5.1/changelog"; sourceTree = "<group>"; };
		E772DBF914E4424100A06FB1 /* composite.cc */ = {isa = PBXFileReference; fileEncoding = 4; lastKnownFileType = sourcecode.cpp.cpp; name = composite.cc; path = "ref/easystroke-0.5.5.1/composite.cc"; sourceTree = "<group>"; };
		E772DBF914E4424100A06FB2 /* composite.h */ = {isa = PBXFileReference; fileEncoding = 4; lastKnownFileType = sourcecode.c.h; name = composite.h; path = "ref/easystroke-0.5.5.1/composite.h"; sourceTree = "<group>"; };
		E772DBF914E4424100A06FB3 /* dbus-server.cc */ = {isa = PBXFileReference; fileEncoding = 4; lastKnownFileType = sourcecode.cpp.cpp; name = "dbus-server.cc"; path = "ref/easystroke-0.5.5.1/dbus-server.cc"; sourceTree = "<group>"; };
		E772DBF914E4424100A06FB4 /* dbus.xml */ = {isa = PBXFileReference; fileEncoding = 4; lastKnownFileType = text.xml; name = dbus.xml; path = "ref/easystroke-0.5.5.1/dbus.xml"; sourceTree = "<group>"; };
		E772DBF914E4424100A06FB5 /* debug.mk.ex */ = {isa = PBXFileReference; lastKnownFileType = text; name = debug.mk.ex; path = "ref/easystroke-0.5.5.1/debug.mk.ex"; sourceTree = "<group>"; };
		E772DBF914E4424100A06FB6 /* easystroke.desktop.in */ = {isa = PBXFileReference; lastKnownFileType = text; name = easystroke.desktop.in; path = "ref/easystroke-0.5.5.1/easystroke.desktop.in"; sourceTree = "<group>"; };
		E772DBF914E4424100A06FB7 /* easystroke.svg */ = {isa = PBXFileReference; lastKnownFileType = text.xml; name = easystroke.svg; path = "ref/easystroke-0.5.5.1/easystroke.svg"; sourceTree = "<group>"; };
		E772DBF914E4424100A06FB8 /* fire.cc */ = {isa = PBXFileReference; fileEncoding = 4; lastKnownFileType = sourcecode.cpp.cpp; name = fire.cc; path = "ref/easystroke-0.5.5.1/fire.cc"; sourceTree = "<group>"; };
		E772DBF914E4424100A06FB9 /* fire.h */ = {isa = PBXFileReference; fileEncoding = 4; lastKnownFileType = sourcecode.c.h; name = fire.h; path = "ref/easystroke-0.5.5.1/fire.h"; sourceTree = "<group>"; };
		E772DBF914E4424100A06FBA /* gesture.cc */ = {isa = PBXFileReference; fileEncoding = 4; lastKnownFileType = sourcecode.cpp.cpp; name = gesture.cc; path = "ref/easystroke-0.5.5.1/gesture.cc"; sourceTree = "<group>"; };
		E772DBF914E4424100A06FBB /* gesture.h */ = {isa = PBXFileReference; fileEncoding = 4; lastKnownFileType = sourcecode.c.h; name = gesture.h; path = "ref/easystroke-0.5.5.1/gesture.h"; sourceTree = "<group>"; };
		E772DBF914E4424100A06FBC /* grabber.cc */ = {isa = PBXFileReference; fileEncoding = 4; lastKnownFileType = sourcecode.cpp.cpp; name = grabber.cc; path = "ref/easystroke-0.5.5.1/grabber.cc"; sourceTree = "<group>"; };
		E772DBF914E4424100A06FBD /* grabber.h */ = {isa = PBXFileReference; fileEncoding = 4; lastKnownFileType = sourcecode.c.h; name = grabber.h; path = "ref/easystroke-0.5.5.1/grabber.h"; sourceTree = "<group>"; };
		E772DBF914E4424100A06FBE /* gui.glade */ = {isa = PBXFileReference; lastKnownFileType = text.xml; name = gui.glade; path = "ref/easystroke-0.5.5.1/gui.glade"; sourceTree = "<group>"; };
		E772DBF914E4424100A06FBF /* LICENSE */ = {isa = PBXFileReference; fileEncoding = 4; lastKnownFileType = text; name = LICENSE; path = "ref/easystroke-0.5.5.1/LICENSE"; sourceTree = "<group>"; };
		E772DBF914E4424100A06FC0 /* main.cc */ = {isa = PBXFileReference; fileEncoding = 4; lastKnownFileType = sourcecode.cpp.cpp; name = main.cc; path = "ref/easystroke-0.5.5.1/main.cc"; sourceTree = "<group>"; };
		E772DBF914E4424100A06FC1 /* main.h */ = {isa = PBXFileReference; fileEncoding = 4; lastKnownFileType = sourcecode.c.h; name = main.h; path = "ref/easystroke-0.5.5.1/main.h"; sourceTree = "<group>"; };
		E772DBF914E4424100A06FC2 /* Makefile */ = {isa = PBXFileReference; fileEncoding = 4; lastKnownFileType = sourcecode.make; name = Makefile; path = "ref/easystroke-0.5.5.1/Makefile"; sourceTree = "<group>"; };
		E772DBF914E4424100A06FC4 /* ca.po */ = {isa = PBXFileReference; lastKnownFileType = text; name = ca.po; path = "ref/easystroke-0.5.5.1/po/ca.po"; sourceTree = "<group>"; };
		E772DBF914E4424100A06FC5 /* cs.po */ = {isa = PBXFileReference; lastKnownFileType = text; name = cs.po; path = "ref/easystroke-0.5.5.1/po/cs.po"; sourceTree = "<group>"; };
		E772DBF914E4424100A06FC6 /* de.po */ = {isa = PBXFileReference; lastKnownFileType = text; name = de.po; path = "ref/easystroke-0.5.5.1/po/de.po"; sourceTree = "<group>"; };
		E772DBF914E4424100A06FC7 /* el.po */ = {isa = PBXFileReference; lastKnownFileType = text; name = el.po; path = "ref/easystroke-0.5.5.1/po/el.po"; sourceTree = "<group>"; };
		E772DBF914E4424100A06FC8 /* es.po */ = {isa = PBXFileReference; lastKnownFileType = text; name = es.po; path = "ref/easystroke-0.5.5.1/po/es.po"; sourceTree = "<group>"; };
		E772DBF914E4424100A06FC9 /* fi.po */ = {isa = PBXFileReference; lastKnownFileType = text; name = fi.po; path = "ref/easystroke-0.5.5.1/po/fi.po"; sourceTree = "<group>"; };
		E772DBF914E4424100A06FCA /* fr.po */ = {isa = PBXFileReference; lastKnownFileType = text; name = fr.po; path = "ref/easystroke-0.5.5.1/po/fr.po"; sourceTree = "<group>"; };
		E772DBF914E4424100A06FCB /* he.po */ = {isa = PBXFileReference; lastKnownFileType = text; name = he.po; path = "ref/easystroke-0.5.5.1/po/he.po"; sourceTree = "<group>"; };
		E772DBF914E4424100A06FCC /* it.po */ = {isa = PBXFileReference; lastKnownFileType = text; name = it.po; path = "ref/easystroke-0.5.5.1/po/it.po"; sourceTree = "<group>"; };
		E772DBF914E4424100A06FCD /* ja.po */ = {isa = PBXFileReference; lastKnownFileType = text; name = ja.po; path = "ref/easystroke-0.5.5.1/po/ja.po"; sourceTree = "<group>"; };
		E772DBF914E4424100A06FCE /* ko.po */ = {isa = PBXFileReference; lastKnownFileType = text; name = ko.po; path = "ref/easystroke-0.5.5.1/po/ko.po"; sourceTree = "<group>"; };
		E772DBF914E4424100A06FCF /* pl.po */ = {isa = PBXFileReference; lastKnownFileType = text; name = pl.po; path = "ref/easystroke-0.5.5.1/po/pl.po"; sourceTree = "<group>"; };
		E772DBF914E4424100A06FD0 /* ru.po */ = {isa = PBXFileReference; lastKnownFileType = text; name = ru.po; path = "ref/easystroke-0.5.5.1/po/ru.po"; sourceTree = "<group>"; };
		E772DBF914E4424100A06FD1 /* vi.po */ = {isa = PBXFileReference; lastKnownFileType = text; name = vi.po; path = "ref/easystroke-0.5.5.1/po/vi.po"; sourceTree = "<group>"; };
		E772DBF914E4424100A06FD2 /* zh_CN.po */ = {isa = PBXFileReference; lastKnownFileType = text; name = zh_CN.po; path = "ref/easystroke-0.5.5.1/po/zh_CN.po"; sourceTree = "<group>"; };
		E772DBF914E4424100A06FD3 /* zh_TW.po */ = {isa = PBXFileReference; lastKnownFileType = text; name = zh_TW.po; path = "ref/easystroke-0.5.5.1/po/zh_TW.po"; sourceTree = "<group>"; };
		E772DBF914E4424100A06FD4 /* prefdb.cc */ = {isa = PBXFileReference; fileEncoding = 4; lastKnownFileType = sourcecode.cpp.cpp; name = prefdb.cc; path = "ref/easystroke-0.5.5.1/prefdb.cc"; sourceTree = "<group>"; };
		E772DBF914E4424100A06FD5 /* prefdb.h */ = {isa = PBXFileReference; fileEncoding = 4; lastKnownFileType = sourcecode.c.h; name = prefdb.h; path = "ref/easystroke-0.5.5.1/prefdb.h"; sourceTree = "<group>"; };
		E772DBF914E4424100A06FD6 /* prefs.cc */ = {isa = PBXFileReference; fileEncoding = 4; lastKnownFileType = sourcecode.cpp.cpp; name = prefs.cc; path = "ref/easystroke-0.5.5.1/prefs.cc"; sourceTree = "<group>"; };
		E772DBF914E4424100A06FD7 /* prefs.h */ = {isa = PBXFileReference; fileEncoding = 4; lastKnownFileType = sourcecode.c.h; name = prefs.h; path = "ref/easystroke-0.5.5.1/prefs.h"; sourceTree = "<group>"; };
		E772DBF914E4424100A06FD8 /* shape.cc */ = {isa = PBXFileReference; fileEncoding = 4; lastKnownFileType = sourcecode.cpp.cpp; name = shape.cc; path = "ref/easystroke-0.5.5.1/shape.cc"; sourceTree = "<group>"; };
		E772DBF914E4424100A06FD9 /* shape.h */ = {isa = PBXFileReference; fileEncoding = 4; lastKnownFileType = sourcecode.c.h; name = shape.h; path = "ref/easystroke-0.5.5.1/shape.h"; sourceTree = "<group>"; };
		E772DBF914E4424100A06FDA /* stats.cc */ = {isa = PBXFileReference; fileEncoding = 4; lastKnownFileType = sourcecode.cpp.cpp; name = stats.cc; path = "ref/easystroke-0.5.5.1/stats.cc"; sourceTree = "<group>"; };
		E772DBF914E4424100A06FDB /* stroke.c */ = {isa = PBXFileReference; fileEncoding = 4; lastKnownFileType = sourcecode.c.c; name = stroke.c; path = "ref/easystroke-0.5.5.1/stroke.c"; sourceTree = "<group>"; };
		E772DBF914E4424100A06FDC /* stroke.h */ = {isa = PBXFileReference; fileEncoding = 4; lastKnownFileType = sourcecode.c.h; name = stroke.h; path = "ref/easystroke-0.5.5.1/stroke.h"; sourceTree = "<group>"; };
		E772DBF914E4424100A06FDD /* trace.h */ = {isa = PBXFileReference; fileEncoding = 4; lastKnownFileType = sourcecode.c.h; name = trace.h; path = "ref/easystroke-0.5.5.1/trace.h"; sourceTree = "<group>"; };
		E772DBF914E4424100A06FDE /* util.h */ = {isa = PBXFileReference; fileEncoding = 4; lastKnownFileType = sourcecode.c.h; name = util.h; path = "ref/easystroke-0.5.5.1/util.h"; sourceTree = "<group>"; };
		E772DBF914E4424100A06FDF /* var.h */ = {isa = PBXFileReference; fileEncoding = 4; lastKnownFileType = sourcecode.c.h; name = var.h; path = "ref/easystroke-0.5.5.1/var.h"; sourceTree = "<group>"; };
		E772DBF914E4424100A06FE0 /* version */ = {isa = PBXFileReference; fileEncoding = 4; lastKnownFileType = text; name = version; path = "ref/easystroke-0.5.5.1/version"; sourceTree = "<group>"; };
		E772DBF914E4424100A06FE1 /* water.cc */ = {isa = PBXFileReference; fileEncoding = 4; lastKnownFileType = sourcecode.cpp.cpp; name = water.cc; path = "ref/easystroke-0.5.5.1/water.cc"; sourceTree = "<group>"; };
		E772DBF914E4424100A06FE2 /* water.h */ = {isa = PBXFileReference; fileEncoding = 4; lastKnownFileType = sourcecode.c.h; name = water.h; path = "ref/easystroke-0.5.5.1/water.h"; sourceTree = "<group>"; };
		E772DBF914E4424100A06FE3 /* win.cc */ = {isa = PBXFileReference; fileEncoding = 4; lastKnownFileType = sourcecode.cpp.cpp; name = win.cc; path = "ref/easystroke-0.5.5.1/win.cc"; sourceTree = "<group>"; };
		E772DBF914E4424100A06FE4 /* win.h */ = {isa = PBXFileReference; fileEncoding = 4; lastKnownFileType = sourcecode.c.h; name = win.h; path = "ref/easystroke-0.5.5.1/win.h"; sourceTree = "<group>"; };
		E772DBF914E4424100A06FE5 /* Gesture.mm */ = {isa = PBXFileReference; fileEncoding = 4; lastKnownFileType = sourcecode.cpp.objcpp; path = Gesture.mm; sourceTree = "<group>"; };
		E772DBF914E4424100A06FE7 /* Gesture.hh */ = {isa = PBXFileReference; fileEncoding = 4; lastKnownFileType = sourcecode.cpp.h; path = Gesture.hh; sourceTree = "<group>"; };
/* End PBXFileReference section */

/* Begin PBXFrameworksBuildPhase section */
		E750792D14E2E70F00964C83 /* Frameworks */ = {
			isa = PBXFrameworksBuildPhase;
			buildActionMask = 2147483647;
			files = (
				E750793514E2E70F00964C83 /* Cocoa.framework in Frameworks */,
			);
			runOnlyForDeploymentPostprocessing = 0;
		};
		E772DBDF14E4424100A06FA8 /* Frameworks */ = {
			isa = PBXFrameworksBuildPhase;
			buildActionMask = 2147483647;
			files = (
				E772DBE414E4424100A06FA8 /* Cocoa.framework in Frameworks */,
			);
			runOnlyForDeploymentPostprocessing = 0;
		};
/* End PBXFrameworksBuildPhase section */

/* Begin PBXGroup section */
		E750792514E2E70F00964C83 = {
			isa = PBXGroup;
			children = (
				E750793A14E2E70F00964C83 /* iStroke */,
				E772DBE514E4424100A06FA8 /* test */,
				E750793314E2E70F00964C83 /* Frameworks */,
				E750793114E2E70F00964C83 /* Products */,
				E772DBF914E4424100A06FA9 /* easystroke-0.5.5.1 */,
			);
			sourceTree = "<group>";
		};
		E750793114E2E70F00964C83 /* Products */ = {
			isa = PBXGroup;
			children = (
				E750793014E2E70F00964C83 /* iStroke.app */,
				E772DBE214E4424100A06FA8 /* test.app */,
			);
			name = Products;
			sourceTree = "<group>";
		};
		E750793314E2E70F00964C83 /* Frameworks */ = {
			isa = PBXGroup;
			children = (
				E750793414E2E70F00964C83 /* Cocoa.framework */,
				E750793614E2E70F00964C83 /* Other Frameworks */,
			);
			name = Frameworks;
			sourceTree = "<group>";
		};
		E750793614E2E70F00964C83 /* Other Frameworks */ = {
			isa = PBXGroup;
			children = (
				E750793714E2E70F00964C83 /* AppKit.framework */,
				E750793814E2E70F00964C83 /* CoreData.framework */,
				E750793914E2E70F00964C83 /* Foundation.framework */,
			);
			name = "Other Frameworks";
			sourceTree = "<group>";
		};
		E750793A14E2E70F00964C83 /* iStroke */ = {
			isa = PBXGroup;
			children = (
				E772DBF914E4424100A06FE5 /* Gesture.mm */,
				E772DBF914E4424100A06FE7 /* Gesture.hh */,
				E7727A1814E4544A00935AE7 /* Application.h */,
				E7727A1914E4544A00935AE7 /* Application.m */,
				E719195914E2F70C00193FDB /* EventListener.h */,
				E719195A14E2F70C00193FDB /* EventListener.mm */,
				E750796314E2EE3200964C86 /* ProcessHooker.h */,
				E750796314E2EE3200964C84 /* ProcessHooker.m */,
				E750794614E2E70F00964C83 /* iStrokeAppDelegate.hh */,
				E750794714E2E70F00964C83 /* iStrokeAppDelegate.mm */,
				E750794914E2E70F00964C83 /* MainMenu.xib */,
				E750793B14E2E70F00964C83 /* Supporting Files */,
				E7727A1514E4541E00935AE7 /* ApplicationManager.h */,
				E7727A1614E4541E00935AE7 /* ApplicationManager.m */,
				E7727A1B14E4546B00935AE7 /* Stroke.hh */,
				E7727A1C14E4546C00935AE7 /* Stroke.mm */,
			);
			path = iStroke;
			sourceTree = "<group>";
		};
		E750793B14E2E70F00964C83 /* Supporting Files */ = {
			isa = PBXGroup;
			children = (
				E750793C14E2E70F00964C83 /* iStroke-Info.plist */,
				E750793D14E2E70F00964C83 /* InfoPlist.strings */,
				E750794014E2E70F00964C83 /* iStroke-Prefix.pch */,
				E750794114E2E70F00964C83 /* main.m */,
				E750794314E2E70F00964C83 /* Credits.rtf */,
			);
			name = "Supporting Files";
			sourceTree = "<group>";
		};
		E772DBE514E4424100A06FA8 /* test */ = {
			isa = PBXGroup;
			children = (
				E772DBEC14E4424100A06FA8 /* main.m */,
				E772DBE614E4424100A06FA8 /* Supporting Files */,
			);
			path = test;
			sourceTree = "<group>";
		};
		E772DBE614E4424100A06FA8 /* Supporting Files */ = {
			isa = PBXGroup;
			children = (
				E772DBF114E4424100A06FA8 /* testAppDelegate.h */,
				E772DBF214E4424100A06FA8 /* testAppDelegate.m */,
				E772DBF414E4424100A06FA8 /* MainMenu.xib */,
				E772DBE714E4424100A06FA8 /* test-Info.plist */,
				E772DBE814E4424100A06FA8 /* InfoPlist.strings */,
				E772DBEB14E4424100A06FA8 /* test-Prefix.pch */,
				E772DBEE14E4424100A06FA8 /* Credits.rtf */,
			);
			name = "Supporting Files";
			sourceTree = "<group>";
		};
		E772DBF914E4424100A06FA9 /* easystroke-0.5.5.1 */ = {
			isa = PBXGroup;
			children = (
				E772DBF914E4424100A06FE4 /* win.h */,
				E772DBF914E4424100A06FE3 /* win.cc */,
				E772DBF914E4424100A06FE2 /* water.h */,
				E772DBF914E4424100A06FE1 /* water.cc */,
				E772DBF914E4424100A06FE0 /* version */,
				E772DBF914E4424100A06FDF /* var.h */,
				E772DBF914E4424100A06FDE /* util.h */,
				E772DBF914E4424100A06FDD /* trace.h */,
				E772DBF914E4424100A06FDC /* stroke.h */,
				E772DBF914E4424100A06FDB /* stroke.c */,
				E772DBF914E4424100A06FDA /* stats.cc */,
				E772DBF914E4424100A06FD9 /* shape.h */,
				E772DBF914E4424100A06FD8 /* shape.cc */,
				E772DBF914E4424100A06FD7 /* prefs.h */,
				E772DBF914E4424100A06FD6 /* prefs.cc */,
				E772DBF914E4424100A06FD5 /* prefdb.h */,
				E772DBF914E4424100A06FD4 /* prefdb.cc */,
				E772DBF914E4424100A06FC2 /* Makefile */,
				E772DBF914E4424100A06FC1 /* main.h */,
				E772DBF914E4424100A06FC0 /* main.cc */,
				E772DBF914E4424100A06FBF /* LICENSE */,
				E772DBF914E4424100A06FBE /* gui.glade */,
				E772DBF914E4424100A06FBD /* grabber.h */,
				E772DBF914E4424100A06FBC /* grabber.cc */,
				E772DBF914E4424100A06FBB /* gesture.h */,
				E772DBF914E4424100A06FBA /* gesture.cc */,
				E772DBF914E4424100A06FB9 /* fire.h */,
				E772DBF914E4424100A06FB8 /* fire.cc */,
				E772DBF914E4424100A06FB7 /* easystroke.svg */,
				E772DBF914E4424100A06FB6 /* easystroke.desktop.in */,
				E772DBF914E4424100A06FB5 /* debug.mk.ex */,
				E772DBF914E4424100A06FB4 /* dbus.xml */,
				E772DBF914E4424100A06FB3 /* dbus-server.cc */,
				E772DBF914E4424100A06FB2 /* composite.h */,
				E772DBF914E4424100A06FB1 /* composite.cc */,
				E772DBF914E4424100A06FB0 /* changelog */,
				E772DBF914E4424100A06FAF /* annotate.h */,
				E772DBF914E4424100A06FAE /* annotate.cc */,
				E772DBF914E4424100A06FAD /* actions.h */,
				E772DBF914E4424100A06FAC /* actions.cc */,
				E772DBF914E4424100A06FAB /* actiondb.h */,
				E772DBF914E4424100A06FAA /* actiondb.cc */,
				E772DBF914E4424100A06FC3 /* po */,
			);
			name = "easystroke-0.5.5.1";
			sourceTree = "<group>";
		};
		E772DBF914E4424100A06FC3 /* po */ = {
			isa = PBXGroup;
			children = (
				E772DBF914E4424100A06FD3 /* zh_TW.po */,
				E772DBF914E4424100A06FD2 /* zh_CN.po */,
				E772DBF914E4424100A06FD1 /* vi.po */,
				E772DBF914E4424100A06FD0 /* ru.po */,
				E772DBF914E4424100A06FCF /* pl.po */,
				E772DBF914E4424100A06FCE /* ko.po */,
				E772DBF914E4424100A06FCD /* ja.po */,
				E772DBF914E4424100A06FCC /* it.po */,
				E772DBF914E4424100A06FCB /* he.po */,
				E772DBF914E4424100A06FCA /* fr.po */,
				E772DBF914E4424100A06FC9 /* fi.po */,
				E772DBF914E4424100A06FC8 /* es.po */,
				E772DBF914E4424100A06FC7 /* el.po */,
				E772DBF914E4424100A06FC6 /* de.po */,
				E772DBF914E4424100A06FC5 /* cs.po */,
				E772DBF914E4424100A06FC4 /* ca.po */,
			);
			name = po;
			sourceTree = "<group>";
		};
/* End PBXGroup section */

/* Begin PBXNativeTarget section */
		E750792F14E2E70F00964C83 /* iStroke */ = {
			isa = PBXNativeTarget;
			buildConfigurationList = E750794E14E2E70F00964C83 /* Build configuration list for PBXNativeTarget "iStroke" */;
			buildPhases = (
				E750792C14E2E70F00964C83 /* Sources */,
				E750792D14E2E70F00964C83 /* Frameworks */,
				E750792E14E2E70F00964C83 /* Resources */,
			);
			buildRules = (
			);
			dependencies = (
			);
			name = iStroke;
			productName = iStroke;
			productReference = E750793014E2E70F00964C83 /* iStroke.app */;
			productType = "com.apple.product-type.application";
		};
		E772DBE114E4424100A06FA8 /* test */ = {
			isa = PBXNativeTarget;
			buildConfigurationList = E772DBF714E4424100A06FA8 /* Build configuration list for PBXNativeTarget "test" */;
			buildPhases = (
				E772DBDE14E4424100A06FA8 /* Sources */,
				E772DBDF14E4424100A06FA8 /* Frameworks */,
				E772DBE014E4424100A06FA8 /* Resources */,
			);
			buildRules = (
			);
			dependencies = (
			);
			name = test;
			productName = test;
			productReference = E772DBE214E4424100A06FA8 /* test.app */;
			productType = "com.apple.product-type.application";
		};
/* End PBXNativeTarget section */

/* Begin PBXProject section */
		E750792714E2E70F00964C83 /* Project object */ = {
			isa = PBXProject;
			attributes = {
				ORGANIZATIONNAME = PKU;
			};
			buildConfigurationList = E750792A14E2E70F00964C83 /* Build configuration list for PBXProject "iStroke" */;
			compatibilityVersion = "Xcode 3.2";
			developmentRegion = English;
			hasScannedForEncodings = 0;
			knownRegions = (
				en,
			);
			mainGroup = E750792514E2E70F00964C83;
			productRefGroup = E750793114E2E70F00964C83 /* Products */;
			projectDirPath = "";
			projectRoot = "";
			targets = (
				E750792F14E2E70F00964C83 /* iStroke */,
				E772DBE114E4424100A06FA8 /* test */,
			);
		};
/* End PBXProject section */

/* Begin PBXResourcesBuildPhase section */
		E750792E14E2E70F00964C83 /* Resources */ = {
			isa = PBXResourcesBuildPhase;
			buildActionMask = 2147483647;
			files = (
				E750793F14E2E70F00964C83 /* InfoPlist.strings in Resources */,
				E750794514E2E70F00964C83 /* Credits.rtf in Resources */,
				E750794B14E2E70F00964C83 /* MainMenu.xib in Resources */,
			);
			runOnlyForDeploymentPostprocessing = 0;
		};
		E772DBE014E4424100A06FA8 /* Resources */ = {
			isa = PBXResourcesBuildPhase;
			buildActionMask = 2147483647;
			files = (
				E772DBEA14E4424100A06FA8 /* InfoPlist.strings in Resources */,
				E772DBF014E4424100A06FA8 /* Credits.rtf in Resources */,
				E772DBF614E4424100A06FA8 /* MainMenu.xib in Resources */,
			);
			runOnlyForDeploymentPostprocessing = 0;
		};
/* End PBXResourcesBuildPhase section */

/* Begin PBXSourcesBuildPhase section */
		E750792C14E2E70F00964C83 /* Sources */ = {
			isa = PBXSourcesBuildPhase;
			buildActionMask = 2147483647;
			files = (
				E750794214E2E70F00964C83 /* main.m in Sources */,
				E750794814E2E70F00964C83 /* iStrokeAppDelegate.mm in Sources */,
				E719195B14E2F70C00193FDB /* EventListener.mm in Sources */,
				E750796314E2EE3200964C85 /* ProcessHooker.m in Sources */,
				E7727A1714E4541E00935AE7 /* ApplicationManager.m in Sources */,
				E7727A1A14E4544A00935AE7 /* Application.m in Sources */,
				E7727A1D14E4546C00935AE7 /* Stroke.mm in Sources */,
				E772DBF914E4424100A06FE6 /* Gesture.mm in Sources */,
			);
			runOnlyForDeploymentPostprocessing = 0;
		};
		E772DBDE14E4424100A06FA8 /* Sources */ = {
			isa = PBXSourcesBuildPhase;
			buildActionMask = 2147483647;
			files = (
				E772DBED14E4424100A06FA8 /* main.m in Sources */,
				E772DBF314E4424100A06FA8 /* testAppDelegate.m in Sources */,
			);
			runOnlyForDeploymentPostprocessing = 0;
		};
/* End PBXSourcesBuildPhase section */

/* Begin PBXVariantGroup section */
		E750793D14E2E70F00964C83 /* InfoPlist.strings */ = {
			isa = PBXVariantGroup;
			children = (
				E750793E14E2E70F00964C83 /* en */,
				E7727A1314E4534E00935AE7 /* zh-Hans */,
			);
			name = InfoPlist.strings;
			sourceTree = "<group>";
		};
		E750794314E2E70F00964C83 /* Credits.rtf */ = {
			isa = PBXVariantGroup;
			children = (
				E750794414E2E70F00964C83 /* en */,
				E7727A1414E4534E00935AE7 /* zh-Hans */,
			);
			name = Credits.rtf;
			sourceTree = "<group>";
		};
		E750794914E2E70F00964C83 /* MainMenu.xib */ = {
			isa = PBXVariantGroup;
			children = (
				E750794A14E2E70F00964C83 /* en */,
				E7727A1214E4534E00935AE7 /* zh-Hans */,
			);
			name = MainMenu.xib;
			sourceTree = "<group>";
		};
		E772DBE814E4424100A06FA8 /* InfoPlist.strings */ = {
			isa = PBXVariantGroup;
			children = (
				E772DBE914E4424100A06FA8 /* en */,
				E7727A0F14E4534E00935AE7 /* zh-Hans */,
			);
			name = InfoPlist.strings;
			sourceTree = "<group>";
		};
		E772DBEE14E4424100A06FA8 /* Credits.rtf */ = {
			isa = PBXVariantGroup;
			children = (
				E772DBEF14E4424100A06FA8 /* en */,
				E7727A0E14E4534E00935AE7 /* zh-Hans */,
			);
			name = Credits.rtf;
			sourceTree = "<group>";
		};
		E772DBF414E4424100A06FA8 /* MainMenu.xib */ = {
			isa = PBXVariantGroup;
			children = (
				E772DBF514E4424100A06FA8 /* en */,
				E7727A1014E4534E00935AE7 /* zh-Hans */,
			);
			name = MainMenu.xib;
			sourceTree = "<group>";
		};
/* End PBXVariantGroup section */

/* Begin XCBuildConfiguration section */
		E750794C14E2E70F00964C83 /* Debug */ = {
			isa = XCBuildConfiguration;
			buildSettings = {
				ARCHS = "$(ARCHS_STANDARD_32_64_BIT)";
				GCC_C_LANGUAGE_STANDARD = gnu99;
				GCC_OPTIMIZATION_LEVEL = 0;
				GCC_PREPROCESSOR_DEFINITIONS = DEBUG;
				GCC_SYMBOLS_PRIVATE_EXTERN = NO;
				GCC_VERSION = com.apple.compilers.llvm.clang.1_0;
				GCC_WARN_64_TO_32_BIT_CONVERSION = YES;
				GCC_WARN_ABOUT_RETURN_TYPE = YES;
				GCC_WARN_UNUSED_VARIABLE = YES;
				MACOSX_DEPLOYMENT_TARGET = 10.6;
				ONLY_ACTIVE_ARCH = YES;
				SDKROOT = macosx;
			};
			name = Debug;
		};
		E750794D14E2E70F00964C83 /* Release */ = {
			isa = XCBuildConfiguration;
			buildSettings = {
				ARCHS = "$(ARCHS_STANDARD_32_64_BIT)";
				GCC_C_LANGUAGE_STANDARD = gnu99;
				GCC_VERSION = com.apple.compilers.llvm.clang.1_0;
				GCC_WARN_64_TO_32_BIT_CONVERSION = YES;
				GCC_WARN_ABOUT_RETURN_TYPE = YES;
				GCC_WARN_UNUSED_VARIABLE = YES;
				MACOSX_DEPLOYMENT_TARGET = 10.6;
				SDKROOT = macosx;
			};
			name = Release;
		};
		E750794F14E2E70F00964C83 /* Debug */ = {
			isa = XCBuildConfiguration;
			buildSettings = {
				ALWAYS_SEARCH_USER_PATHS = NO;
				COPY_PHASE_STRIP = NO;
				GCC_DYNAMIC_NO_PIC = NO;
				GCC_ENABLE_OBJC_EXCEPTIONS = YES;
				GCC_INPUT_FILETYPE = automatic;
				GCC_PRECOMPILE_PREFIX_HEADER = YES;
				GCC_PREFIX_HEADER = "iStroke/iStroke-Prefix.pch";
				GCC_VERSION = com.apple.compilers.llvm.clang.1_0;
				INFOPLIST_FILE = "iStroke/iStroke-Info.plist";
				PRODUCT_NAME = "$(TARGET_NAME)";
				WRAPPER_EXTENSION = app;
			};
			name = Debug;
		};
		E750795014E2E70F00964C83 /* Release */ = {
			isa = XCBuildConfiguration;
			buildSettings = {
				ALWAYS_SEARCH_USER_PATHS = NO;
				COPY_PHASE_STRIP = YES;
				DEBUG_INFORMATION_FORMAT = "dwarf-with-dsym";
				GCC_ENABLE_OBJC_EXCEPTIONS = YES;
				GCC_INPUT_FILETYPE = automatic;
				GCC_PRECOMPILE_PREFIX_HEADER = YES;
				GCC_PREFIX_HEADER = "iStroke/iStroke-Prefix.pch";
				GCC_VERSION = com.apple.compilers.llvm.clang.1_0;
				INFOPLIST_FILE = "iStroke/iStroke-Info.plist";
				PRODUCT_NAME = "$(TARGET_NAME)";
				WRAPPER_EXTENSION = app;
			};
			name = Release;
		};
		E772DBF814E4424100A06FA8 /* Debug */ = {
			isa = XCBuildConfiguration;
			buildSettings = {
				ALWAYS_SEARCH_USER_PATHS = NO;
				COPY_PHASE_STRIP = NO;
				GCC_DYNAMIC_NO_PIC = NO;
				GCC_ENABLE_OBJC_EXCEPTIONS = YES;
				GCC_PRECOMPILE_PREFIX_HEADER = YES;
				GCC_PREFIX_HEADER = "test/test-Prefix.pch";
				INFOPLIST_FILE = "test/test-Info.plist";
				PRODUCT_NAME = "$(TARGET_NAME)";
				WRAPPER_EXTENSION = app;
			};
			name = Debug;
		};
		E772DBF914E4424100A06FA8 /* Release */ = {
			isa = XCBuildConfiguration;
			buildSettings = {
				ALWAYS_SEARCH_USER_PATHS = NO;
				COPY_PHASE_STRIP = YES;
				DEBUG_INFORMATION_FORMAT = "dwarf-with-dsym";
				GCC_ENABLE_OBJC_EXCEPTIONS = YES;
				GCC_PRECOMPILE_PREFIX_HEADER = YES;
				GCC_PREFIX_HEADER = "test/test-Prefix.pch";
				INFOPLIST_FILE = "test/test-Info.plist";
				PRODUCT_NAME = "$(TARGET_NAME)";
				WRAPPER_EXTENSION = app;
			};
			name = Release;
		};
/* End XCBuildConfiguration section */

/* Begin XCConfigurationList section */
		E750792A14E2E70F00964C83 /* Build configuration list for PBXProject "iStroke" */ = {
			isa = XCConfigurationList;
			buildConfigurations = (
				E750794C14E2E70F00964C83 /* Debug */,
				E750794D14E2E70F00964C83 /* Release */,
			);
			defaultConfigurationIsVisible = 0;
			defaultConfigurationName = Release;
		};
		E750794E14E2E70F00964C83 /* Build configuration list for PBXNativeTarget "iStroke" */ = {
			isa = XCConfigurationList;
			buildConfigurations = (
				E750794F14E2E70F00964C83 /* Debug */,
				E750795014E2E70F00964C83 /* Release */,
			);
			defaultConfigurationIsVisible = 0;
			defaultConfigurationName = Release;
		};
		E772DBF714E4424100A06FA8 /* Build configuration list for PBXNativeTarget "test" */ = {
			isa = XCConfigurationList;
			buildConfigurations = (
				E772DBF814E4424100A06FA8 /* Debug */,
				E772DBF914E4424100A06FA8 /* Release */,
			);
			defaultConfigurationIsVisible = 0;
			defaultConfigurationName = Release;
		};
/* End XCConfigurationList section */
	};
	rootObject = E750792714E2E70F00964C83 /* Project object */;
}
