// !$*UTF8*$!
{
	archiveVersion = 1;
	classes = {
	};
	objectVersion = 46;
	objects = {

/* Begin PBXBuildFile section */
		E719195B14E2F70C00193FDB /* EventListener.m in Sources */ = {isa = PBXBuildFile; fileRef = E719195A14E2F70C00193FDB /* EventListener.m */; };
		E750793514E2E70F00964C83 /* Cocoa.framework in Frameworks */ = {isa = PBXBuildFile; fileRef = E750793414E2E70F00964C83 /* Cocoa.framework */; };
		E750793F14E2E70F00964C83 /* InfoPlist.strings in Resources */ = {isa = PBXBuildFile; fileRef = E750793D14E2E70F00964C83 /* InfoPlist.strings */; };
		E750794214E2E70F00964C83 /* main.m in Sources */ = {isa = PBXBuildFile; fileRef = E750794114E2E70F00964C83 /* main.m */; };
		E750794514E2E70F00964C83 /* Credits.rtf in Resources */ = {isa = PBXBuildFile; fileRef = E750794314E2E70F00964C83 /* Credits.rtf */; };
		E750794814E2E70F00964C83 /* iStrokeAppDelegate.m in Sources */ = {isa = PBXBuildFile; fileRef = E750794714E2E70F00964C83 /* iStrokeAppDelegate.m */; };
		E750794B14E2E70F00964C83 /* MainMenu.xib in Resources */ = {isa = PBXBuildFile; fileRef = E750794914E2E70F00964C83 /* MainMenu.xib */; };
		E750796314E2EE3200964C85 /* ProcessHooker.m in Sources */ = {isa = PBXBuildFile; fileRef = E750796314E2EE3200964C84 /* ProcessHooker.m */; };
		E7727A1714E4541E00935AE7 /* ApplicationManager.m in Sources */ = {isa = PBXBuildFile; fileRef = E7727A1614E4541E00935AE7 /* ApplicationManager.m */; };
		E7727A1A14E4544A00935AE7 /* Application.m in Sources */ = {isa = PBXBuildFile; fileRef = E7727A1914E4544A00935AE7 /* Application.m */; };
		E7727A1D14E4546C00935AE7 /* Stroke.m in Sources */ = {isa = PBXBuildFile; fileRef = E7727A1C14E4546C00935AE7 /* Stroke.m */; };
		E772DBE414E4424100A06FA8 /* Cocoa.framework in Frameworks */ = {isa = PBXBuildFile; fileRef = E750793414E2E70F00964C83 /* Cocoa.framework */; };
		E772DBEA14E4424100A06FA8 /* InfoPlist.strings in Resources */ = {isa = PBXBuildFile; fileRef = E772DBE814E4424100A06FA8 /* InfoPlist.strings */; };
		E772DBED14E4424100A06FA8 /* main.m in Sources */ = {isa = PBXBuildFile; fileRef = E772DBEC14E4424100A06FA8 /* main.m */; };
		E772DBF014E4424100A06FA8 /* Credits.rtf in Resources */ = {isa = PBXBuildFile; fileRef = E772DBEE14E4424100A06FA8 /* Credits.rtf */; };
		E772DBF314E4424100A06FA8 /* testAppDelegate.m in Sources */ = {isa = PBXBuildFile; fileRef = E772DBF214E4424100A06FA8 /* testAppDelegate.m */; };
		E772DBF614E4424100A06FA8 /* MainMenu.xib in Resources */ = {isa = PBXBuildFile; fileRef = E772DBF414E4424100A06FA8 /* MainMenu.xib */; };
/* End PBXBuildFile section */

/* Begin PBXFileReference section */
		E719195914E2F70C00193FDB /* EventListener.h */ = {isa = PBXFileReference; fileEncoding = 4; lastKnownFileType = sourcecode.c.h; path = EventListener.h; sourceTree = "<group>"; };
		E719195A14E2F70C00193FDB /* EventListener.m */ = {isa = PBXFileReference; fileEncoding = 4; lastKnownFileType = sourcecode.c.objc; path = EventListener.m; sourceTree = "<group>"; };
		E750793014E2E70F00964C83 /* iStroke.app */ = {isa = PBXFileReference; explicitFileType = wrapper.application; includeInIndex = 0; path = iStroke.app; sourceTree = BUILT_PRODUCTS_DIR; };
		E750793414E2E70F00964C83 /* Cocoa.framework */ = {isa = PBXFileReference; lastKnownFileType = wrapper.framework; name = Cocoa.framework; path = System/Library/Frameworks/Cocoa.framework; sourceTree = SDKROOT; };
		E750793714E2E70F00964C83 /* AppKit.framework */ = {isa = PBXFileReference; lastKnownFileType = wrapper.framework; name = AppKit.framework; path = System/Library/Frameworks/AppKit.framework; sourceTree = SDKROOT; };
		E750793814E2E70F00964C83 /* CoreData.framework */ = {isa = PBXFileReference; lastKnownFileType = wrapper.framework; name = CoreData.framework; path = System/Library/Frameworks/CoreData.framework; sourceTree = SDKROOT; };
		E750793914E2E70F00964C83 /* Foundation.framework */ = {isa = PBXFileReference; lastKnownFileType = wrapper.framework; name = Foundation.framework; path = System/Library/Frameworks/Foundation.framework; sourceTree = SDKROOT; };
		E750793C14E2E70F00964C83 /* iStroke-Info.plist */ = {isa = PBXFileReference; lastKnownFileType = text.plist.xml; path = "iStroke-Info.plist"; sourceTree = "<group>"; };
		E750793E14E2E70F00964C83 /* en */ = {isa = PBXFileReference; lastKnownFileType = text.plist.strings; name = en; path = en.lproj/InfoPlist.strings; sourceTree = "<group>"; };
		E750794014E2E70F00964C83 /* iStroke-Prefix.pch */ = {isa = PBXFileReference; lastKnownFileType = sourcecode.c.h; path = "iStroke-Prefix.pch"; sourceTree = "<group>"; };
		E750794114E2E70F00964C83 /* main.m */ = {isa = PBXFileReference; lastKnownFileType = sourcecode.c.objc; path = main.m; sourceTree = "<group>"; };
		E750794414E2E70F00964C83 /* en */ = {isa = PBXFileReference; lastKnownFileType = text.rtf; name = en; path = en.lproj/Credits.rtf; sourceTree = "<group>"; };
		E750794614E2E70F00964C83 /* iStrokeAppDelegate.h */ = {isa = PBXFileReference; lastKnownFileType = sourcecode.c.h; path = iStrokeAppDelegate.h; sourceTree = "<group>"; };
		E750794714E2E70F00964C83 /* iStrokeAppDelegate.m */ = {isa = PBXFileReference; lastKnownFileType = sourcecode.c.objc; path = iStrokeAppDelegate.m; sourceTree = "<group>"; };
		E750794A14E2E70F00964C83 /* en */ = {isa = PBXFileReference; lastKnownFileType = file.xib; name = en; path = en.lproj/MainMenu.xib; sourceTree = "<group>"; };
		E750796314E2EE3200964C84 /* ProcessHooker.m */ = {isa = PBXFileReference; fileEncoding = 4; lastKnownFileType = sourcecode.c.objc; path = ProcessHooker.m; sourceTree = "<group>"; };
		E750796314E2EE3200964C86 /* ProcessHooker.h */ = {isa = PBXFileReference; fileEncoding = 4; lastKnownFileType = sourcecode.c.h; path = ProcessHooker.h; sourceTree = "<group>"; };
		E7727A0E14E4534E00935AE7 /* zh-Hans */ = {isa = PBXFileReference; lastKnownFileType = text.rtf; name = "zh-Hans"; path = "/Users/dabao/develop/iStroke/test/zh-Hans.lproj/Credits.rtf"; sourceTree = "<absolute>"; };
		E7727A0F14E4534E00935AE7 /* zh-Hans */ = {isa = PBXFileReference; lastKnownFileType = text.plist.strings; name = "zh-Hans"; path = "/Users/dabao/develop/iStroke/test/zh-Hans.lproj/InfoPlist.strings"; sourceTree = "<absolute>"; };
		E7727A1014E4534E00935AE7 /* zh-Hans */ = {isa = PBXFileReference; lastKnownFileType = file.xib; name = "zh-Hans"; path = "/Users/dabao/develop/iStroke/test/zh-Hans.lproj/MainMenu.xib"; sourceTree = "<absolute>"; };
		E7727A1214E4534E00935AE7 /* zh-Hans */ = {isa = PBXFileReference; lastKnownFileType = file.xib; name = "zh-Hans"; path = "/Users/dabao/develop/iStroke/iStroke/zh-Hans.lproj/MainMenu.xib"; sourceTree = "<absolute>"; };
		E7727A1314E4534E00935AE7 /* zh-Hans */ = {isa = PBXFileReference; lastKnownFileType = text.plist.strings; name = "zh-Hans"; path = "/Users/dabao/develop/iStroke/iStroke/zh-Hans.lproj/InfoPlist.strings"; sourceTree = "<absolute>"; };
		E7727A1414E4534E00935AE7 /* zh-Hans */ = {isa = PBXFileReference; lastKnownFileType = text.rtf; name = "zh-Hans"; path = "/Users/dabao/develop/iStroke/iStroke/zh-Hans.lproj/Credits.rtf"; sourceTree = "<absolute>"; };
		E7727A1514E4541E00935AE7 /* ApplicationManager.h */ = {isa = PBXFileReference; fileEncoding = 4; lastKnownFileType = sourcecode.c.h; path = ApplicationManager.h; sourceTree = "<group>"; };
		E7727A1614E4541E00935AE7 /* ApplicationManager.m */ = {isa = PBXFileReference; fileEncoding = 4; lastKnownFileType = sourcecode.c.objc; path = ApplicationManager.m; sourceTree = "<group>"; };
		E7727A1814E4544A00935AE7 /* Application.h */ = {isa = PBXFileReference; fileEncoding = 4; lastKnownFileType = sourcecode.c.h; path = Application.h; sourceTree = "<group>"; };
		E7727A1914E4544A00935AE7 /* Application.m */ = {isa = PBXFileReference; fileEncoding = 4; lastKnownFileType = sourcecode.c.objc; path = Application.m; sourceTree = "<group>"; };
		E7727A1B14E4546B00935AE7 /* Stroke.h */ = {isa = PBXFileReference; fileEncoding = 4; lastKnownFileType = sourcecode.c.h; path = Stroke.h; sourceTree = "<group>"; };
		E7727A1C14E4546C00935AE7 /* Stroke.m */ = {isa = PBXFileReference; fileEncoding = 4; lastKnownFileType = sourcecode.c.objc; path = Stroke.m; sourceTree = "<group>"; };
		E772DBE214E4424100A06FA8 /* test.app */ = {isa = PBXFileReference; explicitFileType = wrapper.application; includeInIndex = 0; path = test.app; sourceTree = BUILT_PRODUCTS_DIR; };
		E772DBE714E4424100A06FA8 /* test-Info.plist */ = {isa = PBXFileReference; lastKnownFileType = text.plist.xml; path = "test-Info.plist"; sourceTree = "<group>"; };
		E772DBE914E4424100A06FA8 /* en */ = {isa = PBXFileReference; lastKnownFileType = text.plist.strings; name = en; path = en.lproj/InfoPlist.strings; sourceTree = "<group>"; };
		E772DBEB14E4424100A06FA8 /* test-Prefix.pch */ = {isa = PBXFileReference; lastKnownFileType = sourcecode.c.h; path = "test-Prefix.pch"; sourceTree = "<group>"; };
		E772DBEC14E4424100A06FA8 /* main.m */ = {isa = PBXFileReference; lastKnownFileType = sourcecode.c.objc; path = main.m; sourceTree = "<group>"; };
		E772DBEF14E4424100A06FA8 /* en */ = {isa = PBXFileReference; lastKnownFileType = text.rtf; name = en; path = en.lproj/Credits.rtf; sourceTree = "<group>"; };
		E772DBF114E4424100A06FA8 /* testAppDelegate.h */ = {isa = PBXFileReference; lastKnownFileType = sourcecode.c.h; path = testAppDelegate.h; sourceTree = "<group>"; };
		E772DBF214E4424100A06FA8 /* testAppDelegate.m */ = {isa = PBXFileReference; lastKnownFileType = sourcecode.c.objc; path = testAppDelegate.m; sourceTree = "<group>"; };
		E772DBF514E4424100A06FA8 /* en */ = {isa = PBXFileReference; lastKnownFileType = file.xib; name = en; path = en.lproj/MainMenu.xib; sourceTree = "<group>"; };
		E79744AA14E45945004A6A1A /* actiondb.cc */ = {isa = PBXFileReference; lastKnownFileType = sourcecode.cpp.cpp; path = actiondb.cc; sourceTree = "<group>"; };
		E79744AB14E45945004A6A1A /* actiondb.h */ = {isa = PBXFileReference; lastKnownFileType = sourcecode.c.h; path = actiondb.h; sourceTree = "<group>"; };
		E79744AC14E45945004A6A1A /* actions.cc */ = {isa = PBXFileReference; lastKnownFileType = sourcecode.cpp.cpp; path = actions.cc; sourceTree = "<group>"; };
		E79744AD14E45945004A6A1A /* actions.h */ = {isa = PBXFileReference; lastKnownFileType = sourcecode.c.h; path = actions.h; sourceTree = "<group>"; };
		E79744AE14E45945004A6A1A /* annotate.cc */ = {isa = PBXFileReference; lastKnownFileType = sourcecode.cpp.cpp; path = annotate.cc; sourceTree = "<group>"; };
		E79744AF14E45945004A6A1A /* annotate.h */ = {isa = PBXFileReference; lastKnownFileType = sourcecode.c.h; path = annotate.h; sourceTree = "<group>"; };
		E79744B014E45945004A6A1A /* changelog */ = {isa = PBXFileReference; lastKnownFileType = text; path = changelog; sourceTree = "<group>"; };
		E79744B114E45945004A6A1A /* composite.cc */ = {isa = PBXFileReference; lastKnownFileType = sourcecode.cpp.cpp; path = composite.cc; sourceTree = "<group>"; };
		E79744B214E45945004A6A1A /* composite.h */ = {isa = PBXFileReference; lastKnownFileType = sourcecode.c.h; path = composite.h; sourceTree = "<group>"; };
		E79744B314E45945004A6A1A /* dbus-server.cc */ = {isa = PBXFileReference; lastKnownFileType = sourcecode.cpp.cpp; path = "dbus-server.cc"; sourceTree = "<group>"; };
		E79744B414E45945004A6A1A /* dbus.xml */ = {isa = PBXFileReference; lastKnownFileType = text.xml; path = dbus.xml; sourceTree = "<group>"; };
		E79744B514E45945004A6A1A /* debug.mk.ex */ = {isa = PBXFileReference; lastKnownFileType = text; path = debug.mk.ex; sourceTree = "<group>"; };
		E79744B614E45945004A6A1A /* easystroke.desktop.in */ = {isa = PBXFileReference; lastKnownFileType = text; path = easystroke.desktop.in; sourceTree = "<group>"; };
		E79744B714E45945004A6A1A /* easystroke.svg */ = {isa = PBXFileReference; lastKnownFileType = text.xml; path = easystroke.svg; sourceTree = "<group>"; };
		E79744B814E45945004A6A1A /* fire.cc */ = {isa = PBXFileReference; lastKnownFileType = sourcecode.cpp.cpp; path = fire.cc; sourceTree = "<group>"; };
		E79744B914E45945004A6A1A /* fire.h */ = {isa = PBXFileReference; lastKnownFileType = sourcecode.c.h; path = fire.h; sourceTree = "<group>"; };
		E79744BA14E45945004A6A1A /* gesture.cc */ = {isa = PBXFileReference; lastKnownFileType = sourcecode.cpp.cpp; path = gesture.cc; sourceTree = "<group>"; };
		E79744BB14E45945004A6A1A /* gesture.h */ = {isa = PBXFileReference; lastKnownFileType = sourcecode.c.h; path = gesture.h; sourceTree = "<group>"; };
		E79744BC14E45945004A6A1A /* grabber.cc */ = {isa = PBXFileReference; lastKnownFileType = sourcecode.cpp.cpp; path = grabber.cc; sourceTree = "<group>"; };
		E79744BD14E45945004A6A1A /* grabber.h */ = {isa = PBXFileReference; lastKnownFileType = sourcecode.c.h; path = grabber.h; sourceTree = "<group>"; };
		E79744BE14E45945004A6A1A /* gui.glade */ = {isa = PBXFileReference; lastKnownFileType = text.xml; path = gui.glade; sourceTree = "<group>"; };
		E79744BF14E45945004A6A1A /* LICENSE */ = {isa = PBXFileReference; lastKnownFileType = text; path = LICENSE; sourceTree = "<group>"; };
		E79744C014E45945004A6A1A /* main.cc */ = {isa = PBXFileReference; lastKnownFileType = sourcecode.cpp.cpp; path = main.cc; sourceTree = "<group>"; };
		E79744C114E45945004A6A1A /* main.h */ = {isa = PBXFileReference; lastKnownFileType = sourcecode.c.h; path = main.h; sourceTree = "<group>"; };
		E79744C214E45945004A6A1A /* Makefile */ = {isa = PBXFileReference; lastKnownFileType = sourcecode.make; path = Makefile; sourceTree = "<group>"; };
		E79744C414E45945004A6A1A /* prefdb.cc */ = {isa = PBXFileReference; lastKnownFileType = sourcecode.cpp.cpp; path = prefdb.cc; sourceTree = "<group>"; };
		E79744C514E45945004A6A1A /* prefdb.h */ = {isa = PBXFileReference; lastKnownFileType = sourcecode.c.h; path = prefdb.h; sourceTree = "<group>"; };
		E79744C614E45945004A6A1A /* prefs.cc */ = {isa = PBXFileReference; lastKnownFileType = sourcecode.cpp.cpp; path = prefs.cc; sourceTree = "<group>"; };
		E79744C714E45945004A6A1A /* prefs.h */ = {isa = PBXFileReference; lastKnownFileType = sourcecode.c.h; path = prefs.h; sourceTree = "<group>"; };
		E79744C814E45945004A6A1A /* shape.cc */ = {isa = PBXFileReference; lastKnownFileType = sourcecode.cpp.cpp; path = shape.cc; sourceTree = "<group>"; };
		E79744C914E45945004A6A1A /* shape.h */ = {isa = PBXFileReference; lastKnownFileType = sourcecode.c.h; path = shape.h; sourceTree = "<group>"; };
		E79744CA14E45945004A6A1A /* stats.cc */ = {isa = PBXFileReference; lastKnownFileType = sourcecode.cpp.cpp; path = stats.cc; sourceTree = "<group>"; };
		E79744CB14E45945004A6A1A /* stroke.c */ = {isa = PBXFileReference; lastKnownFileType = sourcecode.c.c; path = stroke.c; sourceTree = "<group>"; };
		E79744CC14E45945004A6A1A /* stroke.h */ = {isa = PBXFileReference; lastKnownFileType = sourcecode.c.h; path = stroke.h; sourceTree = "<group>"; };
		E79744CD14E45945004A6A1A /* trace.h */ = {isa = PBXFileReference; lastKnownFileType = sourcecode.c.h; path = trace.h; sourceTree = "<group>"; };
		E79744CE14E45945004A6A1A /* util.h */ = {isa = PBXFileReference; lastKnownFileType = sourcecode.c.h; path = util.h; sourceTree = "<group>"; };
		E79744CF14E45945004A6A1A /* var.h */ = {isa = PBXFileReference; lastKnownFileType = sourcecode.c.h; path = var.h; sourceTree = "<group>"; };
		E79744D014E45945004A6A1A /* version */ = {isa = PBXFileReference; lastKnownFileType = text; path = version; sourceTree = "<group>"; };
		E79744D114E45945004A6A1A /* water.cc */ = {isa = PBXFileReference; lastKnownFileType = sourcecode.cpp.cpp; path = water.cc; sourceTree = "<group>"; };
		E79744D214E45945004A6A1A /* water.h */ = {isa = PBXFileReference; lastKnownFileType = sourcecode.c.h; path = water.h; sourceTree = "<group>"; };
		E79744D314E45945004A6A1A /* win.cc */ = {isa = PBXFileReference; lastKnownFileType = sourcecode.cpp.cpp; path = win.cc; sourceTree = "<group>"; };
		E79744D414E45945004A6A1A /* win.h */ = {isa = PBXFileReference; lastKnownFileType = sourcecode.c.h; path = win.h; sourceTree = "<group>"; };
		E79744D514E45945004A6A1A /* ca.po */ = {isa = PBXFileReference; lastKnownFileType = text; path = ca.po; sourceTree = "<group>"; };
		E79744D614E45945004A6A1A /* cs.po */ = {isa = PBXFileReference; lastKnownFileType = text; path = cs.po; sourceTree = "<group>"; };
		E79744D714E45945004A6A1A /* de.po */ = {isa = PBXFileReference; lastKnownFileType = text; path = de.po; sourceTree = "<group>"; };
		E79744D814E45945004A6A1A /* el.po */ = {isa = PBXFileReference; lastKnownFileType = text; path = el.po; sourceTree = "<group>"; };
		E79744D914E45945004A6A1A /* es.po */ = {isa = PBXFileReference; lastKnownFileType = text; path = es.po; sourceTree = "<group>"; };
		E79744DA14E45945004A6A1A /* fi.po */ = {isa = PBXFileReference; lastKnownFileType = text; path = fi.po; sourceTree = "<group>"; };
		E79744DB14E45945004A6A1A /* fr.po */ = {isa = PBXFileReference; lastKnownFileType = text; path = fr.po; sourceTree = "<group>"; };
		E79744DC14E45945004A6A1A /* he.po */ = {isa = PBXFileReference; lastKnownFileType = text; path = he.po; sourceTree = "<group>"; };
		E79744DD14E45945004A6A1A /* it.po */ = {isa = PBXFileReference; lastKnownFileType = text; path = it.po; sourceTree = "<group>"; };
		E79744DE14E45945004A6A1A /* ja.po */ = {isa = PBXFileReference; lastKnownFileType = text; path = ja.po; sourceTree = "<group>"; };
		E79744DF14E45945004A6A1A /* ko.po */ = {isa = PBXFileReference; lastKnownFileType = text; path = ko.po; sourceTree = "<group>"; };
		E79744E014E45945004A6A1A /* pl.po */ = {isa = PBXFileReference; lastKnownFileType = text; path = pl.po; sourceTree = "<group>"; };
		E79744E114E45945004A6A1A /* ru.po */ = {isa = PBXFileReference; lastKnownFileType = text; path = ru.po; sourceTree = "<group>"; };
		E79744E214E45945004A6A1A /* vi.po */ = {isa = PBXFileReference; lastKnownFileType = text; path = vi.po; sourceTree = "<group>"; };
		E79744E314E45945004A6A1A /* zh_CN.po */ = {isa = PBXFileReference; lastKnownFileType = text; path = zh_CN.po; sourceTree = "<group>"; };
		E79744E414E45945004A6A1A /* zh_TW.po */ = {isa = PBXFileReference; lastKnownFileType = text; path = zh_TW.po; sourceTree = "<group>"; };
/* End PBXFileReference section */

/* Begin PBXFrameworksBuildPhase section */
		E750792D14E2E70F00964C83 /* Frameworks */ = {
			isa = PBXFrameworksBuildPhase;
			buildActionMask = 2147483647;
			files = (
				E750793514E2E70F00964C83 /* Cocoa.framework in Frameworks */,
			);
			runOnlyForDeploymentPostprocessing = 0;
		};
		E772DBDF14E4424100A06FA8 /* Frameworks */ = {
			isa = PBXFrameworksBuildPhase;
			buildActionMask = 2147483647;
			files = (
				E772DBE414E4424100A06FA8 /* Cocoa.framework in Frameworks */,
			);
			runOnlyForDeploymentPostprocessing = 0;
		};
/* End PBXFrameworksBuildPhase section */

/* Begin PBXGroup section */
		E750792514E2E70F00964C83 = {
			isa = PBXGroup;
			children = (
				E79744A914E45945004A6A1A /* easystroke-0.5.5.1 */,
				E750793A14E2E70F00964C83 /* iStroke */,
				E772DBE514E4424100A06FA8 /* test */,
				E750793314E2E70F00964C83 /* Frameworks */,
				E750793114E2E70F00964C83 /* Products */,
			);
			sourceTree = "<group>";
		};
		E750793114E2E70F00964C83 /* Products */ = {
			isa = PBXGroup;
			children = (
				E750793014E2E70F00964C83 /* iStroke.app */,
				E772DBE214E4424100A06FA8 /* test.app */,
			);
			name = Products;
			sourceTree = "<group>";
		};
		E750793314E2E70F00964C83 /* Frameworks */ = {
			isa = PBXGroup;
			children = (
				E750793414E2E70F00964C83 /* Cocoa.framework */,
				E750793614E2E70F00964C83 /* Other Frameworks */,
			);
			name = Frameworks;
			sourceTree = "<group>";
		};
		E750793614E2E70F00964C83 /* Other Frameworks */ = {
			isa = PBXGroup;
			children = (
				E750793714E2E70F00964C83 /* AppKit.framework */,
				E750793814E2E70F00964C83 /* CoreData.framework */,
				E750793914E2E70F00964C83 /* Foundation.framework */,
			);
			name = "Other Frameworks";
			sourceTree = "<group>";
		};
		E750793A14E2E70F00964C83 /* iStroke */ = {
			isa = PBXGroup;
			children = (
				E7727A1814E4544A00935AE7 /* Application.h */,
				E7727A1914E4544A00935AE7 /* Application.m */,
				E719195914E2F70C00193FDB /* EventListener.h */,
				E719195A14E2F70C00193FDB /* EventListener.m */,
				E750796314E2EE3200964C86 /* ProcessHooker.h */,
				E750796314E2EE3200964C84 /* ProcessHooker.m */,
				E750794614E2E70F00964C83 /* iStrokeAppDelegate.h */,
				E750794714E2E70F00964C83 /* iStrokeAppDelegate.m */,
				E750794914E2E70F00964C83 /* MainMenu.xib */,
				E750793B14E2E70F00964C83 /* Supporting Files */,
				E7727A1514E4541E00935AE7 /* ApplicationManager.h */,
				E7727A1614E4541E00935AE7 /* ApplicationManager.m */,
				E7727A1B14E4546B00935AE7 /* Stroke.h */,
				E7727A1C14E4546C00935AE7 /* Stroke.m */,
			);
			path = iStroke;
			sourceTree = "<group>";
		};
		E750793B14E2E70F00964C83 /* Supporting Files */ = {
			isa = PBXGroup;
			children = (
				E750793C14E2E70F00964C83 /* iStroke-Info.plist */,
				E750793D14E2E70F00964C83 /* InfoPlist.strings */,
				E750794014E2E70F00964C83 /* iStroke-Prefix.pch */,
				E750794114E2E70F00964C83 /* main.m */,
				E750794314E2E70F00964C83 /* Credits.rtf */,
			);
			name = "Supporting Files";
			sourceTree = "<group>";
		};
		E772DBE514E4424100A06FA8 /* test */ = {
			isa = PBXGroup;
			children = (
				E772DBEC14E4424100A06FA8 /* main.m */,
				E772DBE614E4424100A06FA8 /* Supporting Files */,
			);
			path = test;
			sourceTree = "<group>";
		};
		E772DBE614E4424100A06FA8 /* Supporting Files */ = {
			isa = PBXGroup;
			children = (
				E772DBF114E4424100A06FA8 /* testAppDelegate.h */,
				E772DBF214E4424100A06FA8 /* testAppDelegate.m */,
				E772DBF414E4424100A06FA8 /* MainMenu.xib */,
				E772DBE714E4424100A06FA8 /* test-Info.plist */,
				E772DBE814E4424100A06FA8 /* InfoPlist.strings */,
				E772DBEB14E4424100A06FA8 /* test-Prefix.pch */,
				E772DBEE14E4424100A06FA8 /* Credits.rtf */,
			);
			name = "Supporting Files";
			sourceTree = "<group>";
		};
		E79744A914E45945004A6A1A /* easystroke-0.5.5.1 */ = {
			isa = PBXGroup;
			children = (
				E79744AA14E45945004A6A1A /* actiondb.cc */,
				E79744AB14E45945004A6A1A /* actiondb.h */,
				E79744AC14E45945004A6A1A /* actions.cc */,
				E79744AD14E45945004A6A1A /* actions.h */,
				E79744AE14E45945004A6A1A /* annotate.cc */,
				E79744AF14E45945004A6A1A /* annotate.h */,
				E79744B014E45945004A6A1A /* changelog */,
				E79744B114E45945004A6A1A /* composite.cc */,
				E79744B214E45945004A6A1A /* composite.h */,
				E79744B314E45945004A6A1A /* dbus-server.cc */,
				E79744B414E45945004A6A1A /* dbus.xml */,
				E79744B514E45945004A6A1A /* debug.mk.ex */,
				E79744B614E45945004A6A1A /* easystroke.desktop.in */,
				E79744B714E45945004A6A1A /* easystroke.svg */,
				E79744B814E45945004A6A1A /* fire.cc */,
				E79744B914E45945004A6A1A /* fire.h */,
				E79744BA14E45945004A6A1A /* gesture.cc */,
				E79744BB14E45945004A6A1A /* gesture.h */,
				E79744BC14E45945004A6A1A /* grabber.cc */,
				E79744BD14E45945004A6A1A /* grabber.h */,
				E79744BE14E45945004A6A1A /* gui.glade */,
				E79744BF14E45945004A6A1A /* LICENSE */,
				E79744C014E45945004A6A1A /* main.cc */,
				E79744C114E45945004A6A1A /* main.h */,
				E79744C214E45945004A6A1A /* Makefile */,
				E79744C314E45945004A6A1A /* po */,
				E79744C414E45945004A6A1A /* prefdb.cc */,
				E79744C514E45945004A6A1A /* prefdb.h */,
				E79744C614E45945004A6A1A /* prefs.cc */,
				E79744C714E45945004A6A1A /* prefs.h */,
				E79744C814E45945004A6A1A /* shape.cc */,
				E79744C914E45945004A6A1A /* shape.h */,
				E79744CA14E45945004A6A1A /* stats.cc */,
				E79744CB14E45945004A6A1A /* stroke.c */,
				E79744CC14E45945004A6A1A /* stroke.h */,
				E79744CD14E45945004A6A1A /* trace.h */,
				E79744CE14E45945004A6A1A /* util.h */,
				E79744CF14E45945004A6A1A /* var.h */,
				E79744D014E45945004A6A1A /* version */,
				E79744D114E45945004A6A1A /* water.cc */,
				E79744D214E45945004A6A1A /* water.h */,
				E79744D314E45945004A6A1A /* win.cc */,
				E79744D414E45945004A6A1A /* win.h */,
			);
			name = "easystroke-0.5.5.1";
			path = "iStroke.xcodeproj/../ref/easystroke-0.5.5.1";
			sourceTree = "<group>";
		};
		E79744C314E45945004A6A1A /* po */ = {
			isa = PBXGroup;
			children = (
				E79744D514E45945004A6A1A /* ca.po */,
				E79744D614E45945004A6A1A /* cs.po */,
				E79744D714E45945004A6A1A /* de.po */,
				E79744D814E45945004A6A1A /* el.po */,
				E79744D914E45945004A6A1A /* es.po */,
				E79744DA14E45945004A6A1A /* fi.po */,
				E79744DB14E45945004A6A1A /* fr.po */,
				E79744DC14E45945004A6A1A /* he.po */,
				E79744DD14E45945004A6A1A /* it.po */,
				E79744DE14E45945004A6A1A /* ja.po */,
				E79744DF14E45945004A6A1A /* ko.po */,
				E79744E014E45945004A6A1A /* pl.po */,
				E79744E114E45945004A6A1A /* ru.po */,
				E79744E214E45945004A6A1A /* vi.po */,
				E79744E314E45945004A6A1A /* zh_CN.po */,
				E79744E414E45945004A6A1A /* zh_TW.po */,
			);
			path = po;
			sourceTree = "<group>";
		};
/* End PBXGroup section */

/* Begin PBXNativeTarget section */
		E750792F14E2E70F00964C83 /* iStroke */ = {
			isa = PBXNativeTarget;
			buildConfigurationList = E750794E14E2E70F00964C83 /* Build configuration list for PBXNativeTarget "iStroke" */;
			buildPhases = (
				E750792C14E2E70F00964C83 /* Sources */,
				E750792D14E2E70F00964C83 /* Frameworks */,
				E750792E14E2E70F00964C83 /* Resources */,
			);
			buildRules = (
			);
			dependencies = (
			);
			name = iStroke;
			productName = iStroke;
			productReference = E750793014E2E70F00964C83 /* iStroke.app */;
			productType = "com.apple.product-type.application";
		};
		E772DBE114E4424100A06FA8 /* test */ = {
			isa = PBXNativeTarget;
			buildConfigurationList = E772DBF714E4424100A06FA8 /* Build configuration list for PBXNativeTarget "test" */;
			buildPhases = (
				E772DBDE14E4424100A06FA8 /* Sources */,
				E772DBDF14E4424100A06FA8 /* Frameworks */,
				E772DBE014E4424100A06FA8 /* Resources */,
			);
			buildRules = (
			);
			dependencies = (
			);
			name = test;
			productName = test;
			productReference = E772DBE214E4424100A06FA8 /* test.app */;
			productType = "com.apple.product-type.application";
		};
/* End PBXNativeTarget section */

/* Begin PBXProject section */
		E750792714E2E70F00964C83 /* Project object */ = {
			isa = PBXProject;
			attributes = {
				ORGANIZATIONNAME = PKU;
			};
			buildConfigurationList = E750792A14E2E70F00964C83 /* Build configuration list for PBXProject "iStroke" */;
			compatibilityVersion = "Xcode 3.2";
			developmentRegion = English;
			hasScannedForEncodings = 0;
			knownRegions = (
				en,
			);
			mainGroup = E750792514E2E70F00964C83;
			productRefGroup = E750793114E2E70F00964C83 /* Products */;
			projectDirPath = "";
			projectRoot = "";
			targets = (
				E750792F14E2E70F00964C83 /* iStroke */,
				E772DBE114E4424100A06FA8 /* test */,
			);
		};
/* End PBXProject section */

/* Begin PBXResourcesBuildPhase section */
		E750792E14E2E70F00964C83 /* Resources */ = {
			isa = PBXResourcesBuildPhase;
			buildActionMask = 2147483647;
			files = (
				E750793F14E2E70F00964C83 /* InfoPlist.strings in Resources */,
				E750794514E2E70F00964C83 /* Credits.rtf in Resources */,
				E750794B14E2E70F00964C83 /* MainMenu.xib in Resources */,
			);
			runOnlyForDeploymentPostprocessing = 0;
		};
		E772DBE014E4424100A06FA8 /* Resources */ = {
			isa = PBXResourcesBuildPhase;
			buildActionMask = 2147483647;
			files = (
				E772DBEA14E4424100A06FA8 /* InfoPlist.strings in Resources */,
				E772DBF014E4424100A06FA8 /* Credits.rtf in Resources */,
				E772DBF614E4424100A06FA8 /* MainMenu.xib in Resources */,
			);
			runOnlyForDeploymentPostprocessing = 0;
		};
/* End PBXResourcesBuildPhase section */

/* Begin PBXSourcesBuildPhase section */
		E750792C14E2E70F00964C83 /* Sources */ = {
			isa = PBXSourcesBuildPhase;
			buildActionMask = 2147483647;
			files = (
				E750794214E2E70F00964C83 /* main.m in Sources */,
				E750794814E2E70F00964C83 /* iStrokeAppDelegate.m in Sources */,
				E719195B14E2F70C00193FDB /* EventListener.m in Sources */,
				E750796314E2EE3200964C85 /* ProcessHooker.m in Sources */,
				E7727A1714E4541E00935AE7 /* ApplicationManager.m in Sources */,
				E7727A1A14E4544A00935AE7 /* Application.m in Sources */,
				E7727A1D14E4546C00935AE7 /* Stroke.m in Sources */,
			);
			runOnlyForDeploymentPostprocessing = 0;
		};
		E772DBDE14E4424100A06FA8 /* Sources */ = {
			isa = PBXSourcesBuildPhase;
			buildActionMask = 2147483647;
			files = (
				E772DBED14E4424100A06FA8 /* main.m in Sources */,
				E772DBF314E4424100A06FA8 /* testAppDelegate.m in Sources */,
			);
			runOnlyForDeploymentPostprocessing = 0;
		};
/* End PBXSourcesBuildPhase section */

/* Begin PBXVariantGroup section */
		E750793D14E2E70F00964C83 /* InfoPlist.strings */ = {
			isa = PBXVariantGroup;
			children = (
				E750793E14E2E70F00964C83 /* en */,
				E7727A1314E4534E00935AE7 /* zh-Hans */,
			);
			name = InfoPlist.strings;
			sourceTree = "<group>";
		};
		E750794314E2E70F00964C83 /* Credits.rtf */ = {
			isa = PBXVariantGroup;
			children = (
				E750794414E2E70F00964C83 /* en */,
				E7727A1414E4534E00935AE7 /* zh-Hans */,
			);
			name = Credits.rtf;
			sourceTree = "<group>";
		};
		E750794914E2E70F00964C83 /* MainMenu.xib */ = {
			isa = PBXVariantGroup;
			children = (
				E750794A14E2E70F00964C83 /* en */,
				E7727A1214E4534E00935AE7 /* zh-Hans */,
			);
			name = MainMenu.xib;
			sourceTree = "<group>";
		};
		E772DBE814E4424100A06FA8 /* InfoPlist.strings */ = {
			isa = PBXVariantGroup;
			children = (
				E772DBE914E4424100A06FA8 /* en */,
				E7727A0F14E4534E00935AE7 /* zh-Hans */,
			);
			name = InfoPlist.strings;
			sourceTree = "<group>";
		};
		E772DBEE14E4424100A06FA8 /* Credits.rtf */ = {
			isa = PBXVariantGroup;
			children = (
				E772DBEF14E4424100A06FA8 /* en */,
				E7727A0E14E4534E00935AE7 /* zh-Hans */,
			);
			name = Credits.rtf;
			sourceTree = "<group>";
		};
		E772DBF414E4424100A06FA8 /* MainMenu.xib */ = {
			isa = PBXVariantGroup;
			children = (
				E772DBF514E4424100A06FA8 /* en */,
				E7727A1014E4534E00935AE7 /* zh-Hans */,
			);
			name = MainMenu.xib;
			sourceTree = "<group>";
		};
/* End PBXVariantGroup section */

/* Begin XCBuildConfiguration section */
		E750794C14E2E70F00964C83 /* Debug */ = {
			isa = XCBuildConfiguration;
			buildSettings = {
				ARCHS = "$(ARCHS_STANDARD_32_64_BIT)";
				GCC_C_LANGUAGE_STANDARD = gnu99;
				GCC_OPTIMIZATION_LEVEL = 0;
				GCC_PREPROCESSOR_DEFINITIONS = DEBUG;
				GCC_SYMBOLS_PRIVATE_EXTERN = NO;
				GCC_VERSION = com.apple.compilers.llvm.clang.1_0;
				GCC_WARN_64_TO_32_BIT_CONVERSION = YES;
				GCC_WARN_ABOUT_RETURN_TYPE = YES;
				GCC_WARN_UNUSED_VARIABLE = YES;
				MACOSX_DEPLOYMENT_TARGET = 10.6;
				ONLY_ACTIVE_ARCH = YES;
				SDKROOT = macosx;
			};
			name = Debug;
		};
		E750794D14E2E70F00964C83 /* Release */ = {
			isa = XCBuildConfiguration;
			buildSettings = {
				ARCHS = "$(ARCHS_STANDARD_32_64_BIT)";
				GCC_C_LANGUAGE_STANDARD = gnu99;
				GCC_VERSION = com.apple.compilers.llvm.clang.1_0;
				GCC_WARN_64_TO_32_BIT_CONVERSION = YES;
				GCC_WARN_ABOUT_RETURN_TYPE = YES;
				GCC_WARN_UNUSED_VARIABLE = YES;
				MACOSX_DEPLOYMENT_TARGET = 10.6;
				SDKROOT = macosx;
			};
			name = Release;
		};
		E750794F14E2E70F00964C83 /* Debug */ = {
			isa = XCBuildConfiguration;
			buildSettings = {
				ALWAYS_SEARCH_USER_PATHS = NO;
				COPY_PHASE_STRIP = NO;
				GCC_DYNAMIC_NO_PIC = NO;
				GCC_ENABLE_OBJC_EXCEPTIONS = YES;
				GCC_PRECOMPILE_PREFIX_HEADER = YES;
				GCC_PREFIX_HEADER = "iStroke/iStroke-Prefix.pch";
				INFOPLIST_FILE = "iStroke/iStroke-Info.plist";
				PRODUCT_NAME = "$(TARGET_NAME)";
				WRAPPER_EXTENSION = app;
			};
			name = Debug;
		};
		E750795014E2E70F00964C83 /* Release */ = {
			isa = XCBuildConfiguration;
			buildSettings = {
				ALWAYS_SEARCH_USER_PATHS = NO;
				COPY_PHASE_STRIP = YES;
				DEBUG_INFORMATION_FORMAT = "dwarf-with-dsym";
				GCC_ENABLE_OBJC_EXCEPTIONS = YES;
				GCC_PRECOMPILE_PREFIX_HEADER = YES;
				GCC_PREFIX_HEADER = "iStroke/iStroke-Prefix.pch";
				INFOPLIST_FILE = "iStroke/iStroke-Info.plist";
				PRODUCT_NAME = "$(TARGET_NAME)";
				WRAPPER_EXTENSION = app;
			};
			name = Release;
		};
		E772DBF814E4424100A06FA8 /* Debug */ = {
			isa = XCBuildConfiguration;
			buildSettings = {
				ALWAYS_SEARCH_USER_PATHS = NO;
				COPY_PHASE_STRIP = NO;
				GCC_DYNAMIC_NO_PIC = NO;
				GCC_ENABLE_OBJC_EXCEPTIONS = YES;
				GCC_PRECOMPILE_PREFIX_HEADER = YES;
				GCC_PREFIX_HEADER = "test/test-Prefix.pch";
				INFOPLIST_FILE = "test/test-Info.plist";
				PRODUCT_NAME = "$(TARGET_NAME)";
				WRAPPER_EXTENSION = app;
			};
			name = Debug;
		};
		E772DBF914E4424100A06FA8 /* Release */ = {
			isa = XCBuildConfiguration;
			buildSettings = {
				ALWAYS_SEARCH_USER_PATHS = NO;
				COPY_PHASE_STRIP = YES;
				DEBUG_INFORMATION_FORMAT = "dwarf-with-dsym";
				GCC_ENABLE_OBJC_EXCEPTIONS = YES;
				GCC_PRECOMPILE_PREFIX_HEADER = YES;
				GCC_PREFIX_HEADER = "test/test-Prefix.pch";
				INFOPLIST_FILE = "test/test-Info.plist";
				PRODUCT_NAME = "$(TARGET_NAME)";
				WRAPPER_EXTENSION = app;
			};
			name = Release;
		};
/* End XCBuildConfiguration section */

/* Begin XCConfigurationList section */
		E750792A14E2E70F00964C83 /* Build configuration list for PBXProject "iStroke" */ = {
			isa = XCConfigurationList;
			buildConfigurations = (
				E750794C14E2E70F00964C83 /* Debug */,
				E750794D14E2E70F00964C83 /* Release */,
			);
			defaultConfigurationIsVisible = 0;
			defaultConfigurationName = Release;
		};
		E750794E14E2E70F00964C83 /* Build configuration list for PBXNativeTarget "iStroke" */ = {
			isa = XCConfigurationList;
			buildConfigurations = (
				E750794F14E2E70F00964C83 /* Debug */,
				E750795014E2E70F00964C83 /* Release */,
			);
			defaultConfigurationIsVisible = 0;
			defaultConfigurationName = Release;
		};
		E772DBF714E4424100A06FA8 /* Build configuration list for PBXNativeTarget "test" */ = {
			isa = XCConfigurationList;
			buildConfigurations = (
				E772DBF814E4424100A06FA8 /* Debug */,
				E772DBF914E4424100A06FA8 /* Release */,
			);
			defaultConfigurationIsVisible = 0;
			defaultConfigurationName = Release;
		};
/* End XCConfigurationList section */
	};
	rootObject = E750792714E2E70F00964C83 /* Project object */;
}
